
Microsoft Visual Studio Solution File, Format Version 12.00
# Visual Studio Version 16
VisualStudioVersion = 16.0.31229.75
MinimumVisualStudioVersion = 10.0.40219.1
Project("{9A19103F-16F7-4668-BE54-9A1E7A4F7556}") = "WebChamados", "WebChamados\WebChamados.csproj", "{BB8DB390-21B3-4987-87EC-67B189071AEE}"
EndProject
Global
	GlobalSection(SolutionConfigurationPlatforms) = preSolution
		Debug|Any CPU = Debug|Any CPU
		Release|Any CPU = Release|Any CPU
	EndGlobalSection
	GlobalSection(ProjectConfigurationPlatforms) = postSolution
		{BB8DB390-21B3-4987-87EC-67B189071AEE}.Debug|Any CPU.ActiveCfg = Debug|Any CPU
		{BB8DB390-21B3-4987-87EC-67B189071AEE}.Debug|Any CPU.Build.0 = Debug|Any CPU
		{BB8DB390-21B3-4987-87EC-67B189071AEE}.Release|Any CPU.ActiveCfg = Release|Any CPU
		{BB8DB390-21B3-4987-87EC-67B189071AEE}.Release|Any CPU.Build.0 = Release|Any CPU
	EndGlobalSection
	GlobalSection(SolutionProperties) = preSolution
		HideSolutionNode = FALSE
	EndGlobalSection
	GlobalSection(ExtensibilityGlobals) = postSolution
		SolutionGuid = {AA54FDD8-C8A3-42AC-AFAA-A80281762DFA}
	EndGlobalSection
EndGlobal
